
Microsoft Visual Studio Solution File, Format Version 12.00
# Visual Studio Version 16
VisualStudioVersion = 16.0.30114.105
MinimumVisualStudioVersion = 10.0.40219.1
Project("{FAE04EC0-301F-11D3-BF4B-00C04F79EFBC}") = "Triangle.CUI", "Triangle.CUI\Triangle.CUI.csproj", "{BEDC318E-E3DD-485E-9519-E81C7A3F2D38}"
EndProject
Project("{FAE04EC0-301F-11D3-BF4B-00C04F79EFBC}") = "Triangle.Core", "Triangle.Core\Triangle.Core.csproj", "{298855B4-633B-4454-95E4-04D009239DCF}"
EndProject
Project("{FAE04EC0-301F-11D3-BF4B-00C04F79EFBC}") = "Triangle.Core.Tests", "Triangle.Core.Tests\Triangle.Core.Tests.csproj", "{4F88B635-1E79-4FA3-B15A-ADC31E49E578}"
EndProject
Global
	GlobalSection(SolutionConfigurationPlatforms) = preSolution
		Debug|Any CPU = Debug|Any CPU
		Release|Any CPU = Release|Any CPU
	EndGlobalSection
	GlobalSection(ProjectConfigurationPlatforms) = postSolution
		{BEDC318E-E3DD-485E-9519-E81C7A3F2D38}.Debug|Any CPU.ActiveCfg = Debug|Any CPU
		{BEDC318E-E3DD-485E-9519-E81C7A3F2D38}.Debug|Any CPU.Build.0 = Debug|Any CPU
		{BEDC318E-E3DD-485E-9519-E81C7A3F2D38}.Release|Any CPU.ActiveCfg = Release|Any CPU
		{BEDC318E-E3DD-485E-9519-E81C7A3F2D38}.Release|Any CPU.Build.0 = Release|Any CPU
		{298855B4-633B-4454-95E4-04D009239DCF}.Debug|Any CPU.ActiveCfg = Debug|Any CPU
		{298855B4-633B-4454-95E4-04D009239DCF}.Debug|Any CPU.Build.0 = Debug|Any CPU
		{298855B4-633B-4454-95E4-04D009239DCF}.Release|Any CPU.ActiveCfg = Release|Any CPU
		{298855B4-633B-4454-95E4-04D009239DCF}.Release|Any CPU.Build.0 = Release|Any CPU
		{4F88B635-1E79-4FA3-B15A-ADC31E49E578}.Debug|Any CPU.ActiveCfg = Debug|Any CPU
		{4F88B635-1E79-4FA3-B15A-ADC31E49E578}.Debug|Any CPU.Build.0 = Debug|Any CPU
		{4F88B635-1E79-4FA3-B15A-ADC31E49E578}.Release|Any CPU.ActiveCfg = Release|Any CPU
		{4F88B635-1E79-4FA3-B15A-ADC31E49E578}.Release|Any CPU.Build.0 = Release|Any CPU
	EndGlobalSection
	GlobalSection(SolutionProperties) = preSolution
		HideSolutionNode = FALSE
	EndGlobalSection
	GlobalSection(ExtensibilityGlobals) = postSolution
		SolutionGuid = {67B5F7A9-F874-433C-911B-0AE060C57DD4}
	EndGlobalSection
EndGlobal
