
Microsoft Visual Studio Solution File, Format Version 12.00
# Visual Studio Version 16
VisualStudioVersion = 16.0.30114.105
MinimumVisualStudioVersion = 10.0.40219.1
Project("{FAE04EC0-301F-11D3-BF4B-00C04F79EFBC}") = "NorthEntityFramework.CodeFirst", "NorthEntityFramework.CodeFirst\NorthEntityFramework.CodeFirst.csproj", "{F8EF279C-8E9E-45F5-B6D4-9682088C2889}"
EndProject
Project("{FAE04EC0-301F-11D3-BF4B-00C04F79EFBC}") = "NorthEntityFramework.Tests", "NorthEntityFramework.Tests\NorthEntityFramework.Tests.csproj", "{5CBF4087-DADA-44DE-AD6B-64DEAB0B4466}"
EndProject
Global
	GlobalSection(SolutionConfigurationPlatforms) = preSolution
		Debug|Any CPU = Debug|Any CPU
		Release|Any CPU = Release|Any CPU
	EndGlobalSection
	GlobalSection(ProjectConfigurationPlatforms) = postSolution
		{F8EF279C-8E9E-45F5-B6D4-9682088C2889}.Debug|Any CPU.ActiveCfg = Debug|Any CPU
		{F8EF279C-8E9E-45F5-B6D4-9682088C2889}.Debug|Any CPU.Build.0 = Debug|Any CPU
		{F8EF279C-8E9E-45F5-B6D4-9682088C2889}.Release|Any CPU.ActiveCfg = Release|Any CPU
		{F8EF279C-8E9E-45F5-B6D4-9682088C2889}.Release|Any CPU.Build.0 = Release|Any CPU
		{5CBF4087-DADA-44DE-AD6B-64DEAB0B4466}.Debug|Any CPU.ActiveCfg = Debug|Any CPU
		{5CBF4087-DADA-44DE-AD6B-64DEAB0B4466}.Debug|Any CPU.Build.0 = Debug|Any CPU
		{5CBF4087-DADA-44DE-AD6B-64DEAB0B4466}.Release|Any CPU.ActiveCfg = Release|Any CPU
		{5CBF4087-DADA-44DE-AD6B-64DEAB0B4466}.Release|Any CPU.Build.0 = Release|Any CPU
	EndGlobalSection
	GlobalSection(SolutionProperties) = preSolution
		HideSolutionNode = FALSE
	EndGlobalSection
	GlobalSection(ExtensibilityGlobals) = postSolution
		SolutionGuid = {47AE0F2D-8F09-429B-9A67-7C94233ECC13}
	EndGlobalSection
EndGlobal
