
Microsoft Visual Studio Solution File, Format Version 12.00
# Visual Studio Version 16
VisualStudioVersion = 16.0.30114.105
MinimumVisualStudioVersion = 10.0.40219.1
Project("{FAE04EC0-301F-11D3-BF4B-00C04F79EFBC}") = "Deserialization.CUI", "Deserialization.CUI\Deserialization.CUI.csproj", "{4FCF9754-CA92-406B-AFEC-38A88DE628B9}"
EndProject
Global
	GlobalSection(SolutionConfigurationPlatforms) = preSolution
		Debug|Any CPU = Debug|Any CPU
		Release|Any CPU = Release|Any CPU
	EndGlobalSection
	GlobalSection(ProjectConfigurationPlatforms) = postSolution
		{4FCF9754-CA92-406B-AFEC-38A88DE628B9}.Debug|Any CPU.ActiveCfg = Debug|Any CPU
		{4FCF9754-CA92-406B-AFEC-38A88DE628B9}.Debug|Any CPU.Build.0 = Debug|Any CPU
		{4FCF9754-CA92-406B-AFEC-38A88DE628B9}.Release|Any CPU.ActiveCfg = Release|Any CPU
		{4FCF9754-CA92-406B-AFEC-38A88DE628B9}.Release|Any CPU.Build.0 = Release|Any CPU
	EndGlobalSection
	GlobalSection(SolutionProperties) = preSolution
		HideSolutionNode = FALSE
	EndGlobalSection
	GlobalSection(ExtensibilityGlobals) = postSolution
		SolutionGuid = {1B0478DE-CD64-45A9-93C1-C9B4CCC21B4A}
	EndGlobalSection
EndGlobal
